// !$*UTF8*$!
{
	archiveVersion = 1;
	classes = {
	};
	objectVersion = 56;
	objects = {

/* Begin PBXBuildFile section */
		3B0C7A6E2C33AD3100253D09 /* RxCocoa in Frameworks */ = {isa = PBXBuildFile; productRef = 3B0C7A6D2C33AD3100253D09 /* RxCocoa */; };
		3B0C7A702C33AD3100253D09 /* RxRelay in Frameworks */ = {isa = PBXBuildFile; productRef = 3B0C7A6F2C33AD3100253D09 /* RxRelay */; };
		3B0C7A722C33AD3100253D09 /* RxSwift in Frameworks */ = {isa = PBXBuildFile; productRef = 3B0C7A712C33AD3100253D09 /* RxSwift */; };
		3B0C7A752C33AD5F00253D09 /* Moya in Frameworks */ = {isa = PBXBuildFile; productRef = 3B0C7A742C33AD5F00253D09 /* Moya */; };
		3B0C7A772C33AD5F00253D09 /* RxMoya in Frameworks */ = {isa = PBXBuildFile; productRef = 3B0C7A762C33AD5F00253D09 /* RxMoya */; };
		3B0C7A7A2C33AD6B00253D09 /* SnapKit in Frameworks */ = {isa = PBXBuildFile; productRef = 3B0C7A792C33AD6B00253D09 /* SnapKit */; };
		3B0C7A7D2C33AD7700253D09 /* Kingfisher in Frameworks */ = {isa = PBXBuildFile; productRef = 3B0C7A7C2C33AD7700253D09 /* Kingfisher */; };
		3B0C7A802C33AD8B00253D09 /* Then in Frameworks */ = {isa = PBXBuildFile; productRef = 3B0C7A7F2C33AD8B00253D09 /* Then */; };
		3B1BEDD92C358FCA002E2883 /* Protocols.swift in Sources */ = {isa = PBXBuildFile; fileRef = 3B1BEDD82C358FCA002E2883 /* Protocols.swift */; };
		3B53E0F02C33AAA700AD46E5 /* AppDelegate.swift in Sources */ = {isa = PBXBuildFile; fileRef = 3B53E0EF2C33AAA700AD46E5 /* AppDelegate.swift */; };
		3B53E0F22C33AAA700AD46E5 /* SceneDelegate.swift in Sources */ = {isa = PBXBuildFile; fileRef = 3B53E0F12C33AAA700AD46E5 /* SceneDelegate.swift */; };
		3B53E0F42C33AAA700AD46E5 /* MainViewController.swift in Sources */ = {isa = PBXBuildFile; fileRef = 3B53E0F32C33AAA700AD46E5 /* MainViewController.swift */; };
		3B53E0F92C33AAA800AD46E5 /* Assets.xcassets in Resources */ = {isa = PBXBuildFile; fileRef = 3B53E0F82C33AAA800AD46E5 /* Assets.xcassets */; };
		3B53E0FC2C33AAA800AD46E5 /* Base in Resources */ = {isa = PBXBuildFile; fileRef = 3B53E0FB2C33AAA800AD46E5 /* Base */; };
		3B59B4262C33FBD100677C96 /* UserInfo.swift in Sources */ = {isa = PBXBuildFile; fileRef = 3B59B4252C33FBD100677C96 /* UserInfo.swift */; };
		3B59B4292C33FBFE00677C96 /* UserInfoSearchType.swift in Sources */ = {isa = PBXBuildFile; fileRef = 3B59B4282C33FBFE00677C96 /* UserInfoSearchType.swift */; };
		3B59B42C2C33FC4700677C96 /* Network.swift in Sources */ = {isa = PBXBuildFile; fileRef = 3B59B42B2C33FC4700677C96 /* Network.swift */; };
		3B59B42E2C33FC6E00677C96 /* NetworkProvider.swift in Sources */ = {isa = PBXBuildFile; fileRef = 3B59B42D2C33FC6E00677C96 /* NetworkProvider.swift */; };
		3B59B4302C33FC7A00677C96 /* Network+BaseURL.swift in Sources */ = {isa = PBXBuildFile; fileRef = 3B59B42F2C33FC7A00677C96 /* Network+BaseURL.swift */; };
		3B59B4322C33FC8700677C96 /* Network+Method.swift in Sources */ = {isa = PBXBuildFile; fileRef = 3B59B4312C33FC8700677C96 /* Network+Method.swift */; };
		3B59B4342C33FC9000677C96 /* Network+Path.swift in Sources */ = {isa = PBXBuildFile; fileRef = 3B59B4332C33FC9000677C96 /* Network+Path.swift */; };
		3B59B4362C33FC9900677C96 /* Network+Task.swift in Sources */ = {isa = PBXBuildFile; fileRef = 3B59B4352C33FC9900677C96 /* Network+Task.swift */; };
		3B59B4382C33FF1E00677C96 /* Extensions.swift in Sources */ = {isa = PBXBuildFile; fileRef = 3B59B4372C33FF1E00677C96 /* Extensions.swift */; };
		3B59B43A2C34010600677C96 /* Constants.swift in Sources */ = {isa = PBXBuildFile; fileRef = 3B59B4392C34010600677C96 /* Constants.swift */; };
		3B59B43C2C3401D000677C96 /* MainViewModel.swift in Sources */ = {isa = PBXBuildFile; fileRef = 3B59B43B2C3401D000677C96 /* MainViewModel.swift */; };
		3B832DAC2C344AE20052DC77 /* Network+Header.swift in Sources */ = {isa = PBXBuildFile; fileRef = 3B832DAB2C344AE20052DC77 /* Network+Header.swift */; };
		3B832DAE2C3475BB0052DC77 /* SearchView.swift in Sources */ = {isa = PBXBuildFile; fileRef = 3B832DAD2C3475BB0052DC77 /* SearchView.swift */; };
/* End PBXBuildFile section */

/* Begin PBXFileReference section */
		3B0C7A6B2C33AC5000253D09 /* Secrets.xcconfig */ = {isa = PBXFileReference; lastKnownFileType = text.xcconfig; path = Secrets.xcconfig; sourceTree = "<group>"; };
		3B1BEDD82C358FCA002E2883 /* Protocols.swift */ = {isa = PBXFileReference; lastKnownFileType = sourcecode.swift; path = Protocols.swift; sourceTree = "<group>"; };
		3B53E0EC2C33AAA700AD46E5 /* MVVMProjectWithGitAPI.app */ = {isa = PBXFileReference; explicitFileType = wrapper.application; includeInIndex = 0; path = MVVMProjectWithGitAPI.app; sourceTree = BUILT_PRODUCTS_DIR; };
		3B53E0EF2C33AAA700AD46E5 /* AppDelegate.swift */ = {isa = PBXFileReference; lastKnownFileType = sourcecode.swift; path = AppDelegate.swift; sourceTree = "<group>"; };
		3B53E0F12C33AAA700AD46E5 /* SceneDelegate.swift */ = {isa = PBXFileReference; lastKnownFileType = sourcecode.swift; path = SceneDelegate.swift; sourceTree = "<group>"; };
		3B53E0F32C33AAA700AD46E5 /* MainViewController.swift */ = {isa = PBXFileReference; lastKnownFileType = sourcecode.swift; path = MainViewController.swift; sourceTree = "<group>"; };
		3B53E0F82C33AAA800AD46E5 /* Assets.xcassets */ = {isa = PBXFileReference; lastKnownFileType = folder.assetcatalog; path = Assets.xcassets; sourceTree = "<group>"; };
		3B53E0FB2C33AAA800AD46E5 /* Base */ = {isa = PBXFileReference; lastKnownFileType = file.storyboard; name = Base; path = Base.lproj/LaunchScreen.storyboard; sourceTree = "<group>"; };
		3B53E0FD2C33AAA800AD46E5 /* Info.plist */ = {isa = PBXFileReference; lastKnownFileType = text.plist.xml; path = Info.plist; sourceTree = "<group>"; };
		3B59B4252C33FBD100677C96 /* UserInfo.swift */ = {isa = PBXFileReference; lastKnownFileType = sourcecode.swift; path = UserInfo.swift; sourceTree = "<group>"; };
		3B59B4282C33FBFE00677C96 /* UserInfoSearchType.swift */ = {isa = PBXFileReference; lastKnownFileType = sourcecode.swift; path = UserInfoSearchType.swift; sourceTree = "<group>"; };
		3B59B42B2C33FC4700677C96 /* Network.swift */ = {isa = PBXFileReference; lastKnownFileType = sourcecode.swift; path = Network.swift; sourceTree = "<group>"; };
		3B59B42D2C33FC6E00677C96 /* NetworkProvider.swift */ = {isa = PBXFileReference; lastKnownFileType = sourcecode.swift; path = NetworkProvider.swift; sourceTree = "<group>"; };
		3B59B42F2C33FC7A00677C96 /* Network+BaseURL.swift */ = {isa = PBXFileReference; lastKnownFileType = sourcecode.swift; path = "Network+BaseURL.swift"; sourceTree = "<group>"; };
		3B59B4312C33FC8700677C96 /* Network+Method.swift */ = {isa = PBXFileReference; lastKnownFileType = sourcecode.swift; path = "Network+Method.swift"; sourceTree = "<group>"; };
		3B59B4332C33FC9000677C96 /* Network+Path.swift */ = {isa = PBXFileReference; lastKnownFileType = sourcecode.swift; path = "Network+Path.swift"; sourceTree = "<group>"; };
		3B59B4352C33FC9900677C96 /* Network+Task.swift */ = {isa = PBXFileReference; lastKnownFileType = sourcecode.swift; path = "Network+Task.swift"; sourceTree = "<group>"; };
		3B59B4372C33FF1E00677C96 /* Extensions.swift */ = {isa = PBXFileReference; lastKnownFileType = sourcecode.swift; path = Extensions.swift; sourceTree = "<group>"; };
		3B59B4392C34010600677C96 /* Constants.swift */ = {isa = PBXFileReference; lastKnownFileType = sourcecode.swift; path = Constants.swift; sourceTree = "<group>"; };
		3B59B43B2C3401D000677C96 /* MainViewModel.swift */ = {isa = PBXFileReference; lastKnownFileType = sourcecode.swift; path = MainViewModel.swift; sourceTree = "<group>"; };
		3B832DAB2C344AE20052DC77 /* Network+Header.swift */ = {isa = PBXFileReference; lastKnownFileType = sourcecode.swift; path = "Network+Header.swift"; sourceTree = "<group>"; };
		3B832DAD2C3475BB0052DC77 /* SearchView.swift */ = {isa = PBXFileReference; lastKnownFileType = sourcecode.swift; path = SearchView.swift; sourceTree = "<group>"; };
/* End PBXFileReference section */

/* Begin PBXFrameworksBuildPhase section */
		3B53E0E92C33AAA700AD46E5 /* Frameworks */ = {
			isa = PBXFrameworksBuildPhase;
			buildActionMask = 2147483647;
			files = (
				3B0C7A772C33AD5F00253D09 /* RxMoya in Frameworks */,
				3B0C7A722C33AD3100253D09 /* RxSwift in Frameworks */,
				3B0C7A7D2C33AD7700253D09 /* Kingfisher in Frameworks */,
				3B0C7A802C33AD8B00253D09 /* Then in Frameworks */,
				3B0C7A702C33AD3100253D09 /* RxRelay in Frameworks */,
				3B0C7A7A2C33AD6B00253D09 /* SnapKit in Frameworks */,
				3B0C7A752C33AD5F00253D09 /* Moya in Frameworks */,
				3B0C7A6E2C33AD3100253D09 /* RxCocoa in Frameworks */,
			);
			runOnlyForDeploymentPostprocessing = 0;
		};
/* End PBXFrameworksBuildPhase section */

/* Begin PBXGroup section */
		3B53E0E32C33AAA700AD46E5 = {
			isa = PBXGroup;
			children = (
				3B53E0EE2C33AAA700AD46E5 /* MVVMProjectWithGitAPI */,
				3B53E0ED2C33AAA700AD46E5 /* Products */,
			);
			sourceTree = "<group>";
		};
		3B53E0ED2C33AAA700AD46E5 /* Products */ = {
			isa = PBXGroup;
			children = (
				3B53E0EC2C33AAA700AD46E5 /* MVVMProjectWithGitAPI.app */,
			);
			name = Products;
			sourceTree = "<group>";
		};
		3B53E0EE2C33AAA700AD46E5 /* MVVMProjectWithGitAPI */ = {
			isa = PBXGroup;
			children = (
				3B53E1032C33AB7700AD46E5 /* Apps */,
				3B53E1062C33AB8200AD46E5 /* Models */,
				3B53E1052C33AB8000AD46E5 /* ViewModels */,
				3B53E1042C33AB7D00AD46E5 /* Views */,
				3B53E1072C33AB8500AD46E5 /* Utils */,
				3B53E0FD2C33AAA800AD46E5 /* Info.plist */,
			);
			path = MVVMProjectWithGitAPI;
			sourceTree = "<group>";
		};
		3B53E1032C33AB7700AD46E5 /* Apps */ = {
			isa = PBXGroup;
			children = (
				3B53E0EF2C33AAA700AD46E5 /* AppDelegate.swift */,
				3B53E0F12C33AAA700AD46E5 /* SceneDelegate.swift */,
			);
			path = Apps;
			sourceTree = "<group>";
		};
		3B53E1042C33AB7D00AD46E5 /* Views */ = {
			isa = PBXGroup;
			children = (
				3B59B43D2C3401DF00677C96 /* Main */,
				3B53E1092C33ABE500AD46E5 /* LaunchScreen */,
			);
			path = Views;
			sourceTree = "<group>";
		};
		3B53E1052C33AB8000AD46E5 /* ViewModels */ = {
			isa = PBXGroup;
			children = (
				3B59B43B2C3401D000677C96 /* MainViewModel.swift */,
			);
			path = ViewModels;
			sourceTree = "<group>";
		};
		3B53E1062C33AB8200AD46E5 /* Models */ = {
			isa = PBXGroup;
			children = (
				3B59B4242C33FBC500677C96 /* Entities */,
				3B59B42A2C33FC2E00677C96 /* Network */,
			);
			path = Models;
			sourceTree = "<group>";
		};
		3B53E1072C33AB8500AD46E5 /* Utils */ = {
			isa = PBXGroup;
			children = (
				3B59B4392C34010600677C96 /* Constants.swift */,
				3B59B4372C33FF1E00677C96 /* Extensions.swift */,
				3B1BEDD82C358FCA002E2883 /* Protocols.swift */,
				3B0C7A6B2C33AC5000253D09 /* Secrets.xcconfig */,
				3B53E0F82C33AAA800AD46E5 /* Assets.xcassets */,
			);
			path = Utils;
			sourceTree = "<group>";
		};
		3B53E1092C33ABE500AD46E5 /* LaunchScreen */ = {
			isa = PBXGroup;
			children = (
				3B53E0FA2C33AAA800AD46E5 /* LaunchScreen.storyboard */,
			);
			path = LaunchScreen;
			sourceTree = "<group>";
		};
		3B59B4242C33FBC500677C96 /* Entities */ = {
			isa = PBXGroup;
			children = (
				3B59B4252C33FBD100677C96 /* UserInfo.swift */,
				3B59B4282C33FBFE00677C96 /* UserInfoSearchType.swift */,
			);
			path = Entities;
			sourceTree = "<group>";
		};
		3B59B42A2C33FC2E00677C96 /* Network */ = {
			isa = PBXGroup;
			children = (
				3B59B42B2C33FC4700677C96 /* Network.swift */,
				3B59B42D2C33FC6E00677C96 /* NetworkProvider.swift */,
				3B59B42F2C33FC7A00677C96 /* Network+BaseURL.swift */,
				3B59B4332C33FC9000677C96 /* Network+Path.swift */,
				3B59B4312C33FC8700677C96 /* Network+Method.swift */,
				3B59B4352C33FC9900677C96 /* Network+Task.swift */,
				3B832DAB2C344AE20052DC77 /* Network+Header.swift */,
			);
			path = Network;
			sourceTree = "<group>";
		};
		3B59B43D2C3401DF00677C96 /* Main */ = {
			isa = PBXGroup;
			children = (
				3B53E0F32C33AAA700AD46E5 /* MainViewController.swift */,
				3B832DAD2C3475BB0052DC77 /* SearchView.swift */,
			);
			path = Main;
			sourceTree = "<group>";
		};
/* End PBXGroup section */

/* Begin PBXNativeTarget section */
		3B53E0EB2C33AAA700AD46E5 /* MVVMProjectWithGitAPI */ = {
			isa = PBXNativeTarget;
			buildConfigurationList = 3B53E1002C33AAA800AD46E5 /* Build configuration list for PBXNativeTarget "MVVMProjectWithGitAPI" */;
			buildPhases = (
				3B53E0E82C33AAA700AD46E5 /* Sources */,
				3B53E0E92C33AAA700AD46E5 /* Frameworks */,
				3B53E0EA2C33AAA700AD46E5 /* Resources */,
			);
			buildRules = (
			);
			dependencies = (
			);
			name = MVVMProjectWithGitAPI;
			packageProductDependencies = (
				3B0C7A6D2C33AD3100253D09 /* RxCocoa */,
				3B0C7A6F2C33AD3100253D09 /* RxRelay */,
				3B0C7A712C33AD3100253D09 /* RxSwift */,
				3B0C7A742C33AD5F00253D09 /* Moya */,
				3B0C7A762C33AD5F00253D09 /* RxMoya */,
				3B0C7A792C33AD6B00253D09 /* SnapKit */,
				3B0C7A7C2C33AD7700253D09 /* Kingfisher */,
				3B0C7A7F2C33AD8B00253D09 /* Then */,
			);
			productName = MVVMProjectWithGitAPI;
			productReference = 3B53E0EC2C33AAA700AD46E5 /* MVVMProjectWithGitAPI.app */;
			productType = "com.apple.product-type.application";
		};
/* End PBXNativeTarget section */

/* Begin PBXProject section */
		3B53E0E42C33AAA700AD46E5 /* Project object */ = {
			isa = PBXProject;
			attributes = {
				BuildIndependentTargetsInParallel = 1;
				LastSwiftUpdateCheck = 1530;
				LastUpgradeCheck = 1530;
				TargetAttributes = {
					3B53E0EB2C33AAA700AD46E5 = {
						CreatedOnToolsVersion = 15.3;
					};
				};
			};
			buildConfigurationList = 3B53E0E72C33AAA700AD46E5 /* Build configuration list for PBXProject "MVVMProjectWithGitAPI" */;
			compatibilityVersion = "Xcode 14.0";
			developmentRegion = en;
			hasScannedForEncodings = 0;
			knownRegions = (
				en,
				Base,
			);
			mainGroup = 3B53E0E32C33AAA700AD46E5;
			packageReferences = (
				3B0C7A6C2C33AD3100253D09 /* XCRemoteSwiftPackageReference "RxSwift" */,
				3B0C7A732C33AD5F00253D09 /* XCRemoteSwiftPackageReference "Moya" */,
				3B0C7A782C33AD6B00253D09 /* XCRemoteSwiftPackageReference "SnapKit" */,
				3B0C7A7B2C33AD7700253D09 /* XCRemoteSwiftPackageReference "Kingfisher" */,
				3B0C7A7E2C33AD8B00253D09 /* XCRemoteSwiftPackageReference "Then" */,
			);
			productRefGroup = 3B53E0ED2C33AAA700AD46E5 /* Products */;
			projectDirPath = "";
			projectRoot = "";
			targets = (
				3B53E0EB2C33AAA700AD46E5 /* MVVMProjectWithGitAPI */,
			);
		};
/* End PBXProject section */

/* Begin PBXResourcesBuildPhase section */
		3B53E0EA2C33AAA700AD46E5 /* Resources */ = {
			isa = PBXResourcesBuildPhase;
			buildActionMask = 2147483647;
			files = (
				3B53E0F92C33AAA800AD46E5 /* Assets.xcassets in Resources */,
				3B53E0FC2C33AAA800AD46E5 /* Base in Resources */,
			);
			runOnlyForDeploymentPostprocessing = 0;
		};
/* End PBXResourcesBuildPhase section */

/* Begin PBXSourcesBuildPhase section */
		3B53E0E82C33AAA700AD46E5 /* Sources */ = {
			isa = PBXSourcesBuildPhase;
			buildActionMask = 2147483647;
			files = (
				3B832DAC2C344AE20052DC77 /* Network+Header.swift in Sources */,
				3B59B42E2C33FC6E00677C96 /* NetworkProvider.swift in Sources */,
				3B59B4322C33FC8700677C96 /* Network+Method.swift in Sources */,
				3B59B4262C33FBD100677C96 /* UserInfo.swift in Sources */,
				3B59B4292C33FBFE00677C96 /* UserInfoSearchType.swift in Sources */,
				3B59B4302C33FC7A00677C96 /* Network+BaseURL.swift in Sources */,
				3B59B42C2C33FC4700677C96 /* Network.swift in Sources */,
				3B53E0F42C33AAA700AD46E5 /* MainViewController.swift in Sources */,
				3B59B43C2C3401D000677C96 /* MainViewModel.swift in Sources */,
				3B59B43A2C34010600677C96 /* Constants.swift in Sources */,
				3B59B4382C33FF1E00677C96 /* Extensions.swift in Sources */,
				3B53E0F02C33AAA700AD46E5 /* AppDelegate.swift in Sources */,
				3B832DAE2C3475BB0052DC77 /* SearchView.swift in Sources */,
				3B53E0F22C33AAA700AD46E5 /* SceneDelegate.swift in Sources */,
				3B59B4362C33FC9900677C96 /* Network+Task.swift in Sources */,
				3B1BEDD92C358FCA002E2883 /* Protocols.swift in Sources */,
				3B59B4342C33FC9000677C96 /* Network+Path.swift in Sources */,
			);
			runOnlyForDeploymentPostprocessing = 0;
		};
/* End PBXSourcesBuildPhase section */

/* Begin PBXVariantGroup section */
		3B53E0FA2C33AAA800AD46E5 /* LaunchScreen.storyboard */ = {
			isa = PBXVariantGroup;
			children = (
				3B53E0FB2C33AAA800AD46E5 /* Base */,
			);
			name = LaunchScreen.storyboard;
			sourceTree = "<group>";
		};
/* End PBXVariantGroup section */

/* Begin XCBuildConfiguration section */
		3B53E0FE2C33AAA800AD46E5 /* Debug */ = {
			isa = XCBuildConfiguration;
			buildSettings = {
				ALWAYS_SEARCH_USER_PATHS = NO;
				ASSETCATALOG_COMPILER_GENERATE_SWIFT_ASSET_SYMBOL_EXTENSIONS = YES;
				CLANG_ANALYZER_NONNULL = YES;
				CLANG_ANALYZER_NUMBER_OBJECT_CONVERSION = YES_AGGRESSIVE;
				CLANG_CXX_LANGUAGE_STANDARD = "gnu++20";
				CLANG_ENABLE_MODULES = YES;
				CLANG_ENABLE_OBJC_ARC = YES;
				CLANG_ENABLE_OBJC_WEAK = YES;
				CLANG_WARN_BLOCK_CAPTURE_AUTORELEASING = YES;
				CLANG_WARN_BOOL_CONVERSION = YES;
				CLANG_WARN_COMMA = YES;
				CLANG_WARN_CONSTANT_CONVERSION = YES;
				CLANG_WARN_DEPRECATED_OBJC_IMPLEMENTATIONS = YES;
				CLANG_WARN_DIRECT_OBJC_ISA_USAGE = YES_ERROR;
				CLANG_WARN_DOCUMENTATION_COMMENTS = YES;
				CLANG_WARN_EMPTY_BODY = YES;
				CLANG_WARN_ENUM_CONVERSION = YES;
				CLANG_WARN_INFINITE_RECURSION = YES;
				CLANG_WARN_INT_CONVERSION = YES;
				CLANG_WARN_NON_LITERAL_NULL_CONVERSION = YES;
				CLANG_WARN_OBJC_IMPLICIT_RETAIN_SELF = YES;
				CLANG_WARN_OBJC_LITERAL_CONVERSION = YES;
				CLANG_WARN_OBJC_ROOT_CLASS = YES_ERROR;
				CLANG_WARN_QUOTED_INCLUDE_IN_FRAMEWORK_HEADER = YES;
				CLANG_WARN_RANGE_LOOP_ANALYSIS = YES;
				CLANG_WARN_STRICT_PROTOTYPES = YES;
				CLANG_WARN_SUSPICIOUS_MOVE = YES;
				CLANG_WARN_UNGUARDED_AVAILABILITY = YES_AGGRESSIVE;
				CLANG_WARN_UNREACHABLE_CODE = YES;
				CLANG_WARN__DUPLICATE_METHOD_MATCH = YES;
				COPY_PHASE_STRIP = NO;
				DEBUG_INFORMATION_FORMAT = dwarf;
				ENABLE_STRICT_OBJC_MSGSEND = YES;
				ENABLE_TESTABILITY = YES;
				ENABLE_USER_SCRIPT_SANDBOXING = YES;
				GCC_C_LANGUAGE_STANDARD = gnu17;
				GCC_DYNAMIC_NO_PIC = NO;
				GCC_NO_COMMON_BLOCKS = YES;
				GCC_OPTIMIZATION_LEVEL = 0;
				GCC_PREPROCESSOR_DEFINITIONS = (
					"DEBUG=1",
					"$(inherited)",
				);
				GCC_WARN_64_TO_32_BIT_CONVERSION = YES;
				GCC_WARN_ABOUT_RETURN_TYPE = YES_ERROR;
				GCC_WARN_UNDECLARED_SELECTOR = YES;
				GCC_WARN_UNINITIALIZED_AUTOS = YES_AGGRESSIVE;
				GCC_WARN_UNUSED_FUNCTION = YES;
				GCC_WARN_UNUSED_VARIABLE = YES;
				IPHONEOS_DEPLOYMENT_TARGET = 17.4;
				LOCALIZATION_PREFERS_STRING_CATALOGS = YES;
				MTL_ENABLE_DEBUG_INFO = INCLUDE_SOURCE;
				MTL_FAST_MATH = YES;
				ONLY_ACTIVE_ARCH = YES;
				SDKROOT = iphoneos;
				SWIFT_ACTIVE_COMPILATION_CONDITIONS = "DEBUG $(inherited)";
				SWIFT_OPTIMIZATION_LEVEL = "-Onone";
			};
			name = Debug;
		};
		3B53E0FF2C33AAA800AD46E5 /* Release */ = {
			isa = XCBuildConfiguration;
			buildSettings = {
				ALWAYS_SEARCH_USER_PATHS = NO;
				ASSETCATALOG_COMPILER_GENERATE_SWIFT_ASSET_SYMBOL_EXTENSIONS = YES;
				CLANG_ANALYZER_NONNULL = YES;
				CLANG_ANALYZER_NUMBER_OBJECT_CONVERSION = YES_AGGRESSIVE;
				CLANG_CXX_LANGUAGE_STANDARD = "gnu++20";
				CLANG_ENABLE_MODULES = YES;
				CLANG_ENABLE_OBJC_ARC = YES;
				CLANG_ENABLE_OBJC_WEAK = YES;
				CLANG_WARN_BLOCK_CAPTURE_AUTORELEASING = YES;
				CLANG_WARN_BOOL_CONVERSION = YES;
				CLANG_WARN_COMMA = YES;
				CLANG_WARN_CONSTANT_CONVERSION = YES;
				CLANG_WARN_DEPRECATED_OBJC_IMPLEMENTATIONS = YES;
				CLANG_WARN_DIRECT_OBJC_ISA_USAGE = YES_ERROR;
				CLANG_WARN_DOCUMENTATION_COMMENTS = YES;
				CLANG_WARN_EMPTY_BODY = YES;
				CLANG_WARN_ENUM_CONVERSION = YES;
				CLANG_WARN_INFINITE_RECURSION = YES;
				CLANG_WARN_INT_CONVERSION = YES;
				CLANG_WARN_NON_LITERAL_NULL_CONVERSION = YES;
				CLANG_WARN_OBJC_IMPLICIT_RETAIN_SELF = YES;
				CLANG_WARN_OBJC_LITERAL_CONVERSION = YES;
				CLANG_WARN_OBJC_ROOT_CLASS = YES_ERROR;
				CLANG_WARN_QUOTED_INCLUDE_IN_FRAMEWORK_HEADER = YES;
				CLANG_WARN_RANGE_LOOP_ANALYSIS = YES;
				CLANG_WARN_STRICT_PROTOTYPES = YES;
				CLANG_WARN_SUSPICIOUS_MOVE = YES;
				CLANG_WARN_UNGUARDED_AVAILABILITY = YES_AGGRESSIVE;
				CLANG_WARN_UNREACHABLE_CODE = YES;
				CLANG_WARN__DUPLICATE_METHOD_MATCH = YES;
				COPY_PHASE_STRIP = NO;
				DEBUG_INFORMATION_FORMAT = "dwarf-with-dsym";
				ENABLE_NS_ASSERTIONS = NO;
				ENABLE_STRICT_OBJC_MSGSEND = YES;
				ENABLE_USER_SCRIPT_SANDBOXING = YES;
				GCC_C_LANGUAGE_STANDARD = gnu17;
				GCC_NO_COMMON_BLOCKS = YES;
				GCC_WARN_64_TO_32_BIT_CONVERSION = YES;
				GCC_WARN_ABOUT_RETURN_TYPE = YES_ERROR;
				GCC_WARN_UNDECLARED_SELECTOR = YES;
				GCC_WARN_UNINITIALIZED_AUTOS = YES_AGGRESSIVE;
				GCC_WARN_UNUSED_FUNCTION = YES;
				GCC_WARN_UNUSED_VARIABLE = YES;
				IPHONEOS_DEPLOYMENT_TARGET = 17.4;
				LOCALIZATION_PREFERS_STRING_CATALOGS = YES;
				MTL_ENABLE_DEBUG_INFO = NO;
				MTL_FAST_MATH = YES;
				SDKROOT = iphoneos;
				SWIFT_COMPILATION_MODE = wholemodule;
				VALIDATE_PRODUCT = YES;
			};
			name = Release;
		};
		3B53E1012C33AAA800AD46E5 /* Debug */ = {
			isa = XCBuildConfiguration;
			baseConfigurationReference = 3B0C7A6B2C33AC5000253D09 /* Secrets.xcconfig */;
			buildSettings = {
				ASSETCATALOG_COMPILER_APPICON_NAME = AppIcon;
				ASSETCATALOG_COMPILER_GLOBAL_ACCENT_COLOR_NAME = AccentColor;
				CODE_SIGN_STYLE = Automatic;
				CURRENT_PROJECT_VERSION = 1;
				DEVELOPMENT_TEAM = XUZ4CWYRGJ;
				GENERATE_INFOPLIST_FILE = YES;
				INFOPLIST_FILE = MVVMProjectWithGitAPI/Info.plist;
				INFOPLIST_KEY_UIApplicationSupportsIndirectInputEvents = YES;
				INFOPLIST_KEY_UILaunchStoryboardName = LaunchScreen;
				INFOPLIST_KEY_UISupportedInterfaceOrientations_iPad = "UIInterfaceOrientationPortrait UIInterfaceOrientationPortraitUpsideDown UIInterfaceOrientationLandscapeLeft UIInterfaceOrientationLandscapeRight";
				INFOPLIST_KEY_UISupportedInterfaceOrientations_iPhone = "UIInterfaceOrientationPortrait UIInterfaceOrientationLandscapeLeft UIInterfaceOrientationLandscapeRight";
				IPHONEOS_DEPLOYMENT_TARGET = 16.0;
				LD_RUNPATH_SEARCH_PATHS = (
					"$(inherited)",
					"@executable_path/Frameworks",
				);
				MARKETING_VERSION = 1.0;
				PRODUCT_BUNDLE_IDENTIFIER = com.Healthy.MVVMProjectWithGitAPI;
				PRODUCT_NAME = "$(TARGET_NAME)";
				SUPPORTED_PLATFORMS = "iphoneos iphonesimulator";
				SUPPORTS_MACCATALYST = NO;
				SUPPORTS_MAC_DESIGNED_FOR_IPHONE_IPAD = NO;
				SUPPORTS_XR_DESIGNED_FOR_IPHONE_IPAD = NO;
				SWIFT_EMIT_LOC_STRINGS = YES;
				SWIFT_VERSION = 5.0;
				TARGETED_DEVICE_FAMILY = 1;
			};
			name = Debug;
		};
		3B53E1022C33AAA800AD46E5 /* Release */ = {
			isa = XCBuildConfiguration;
			baseConfigurationReference = 3B0C7A6B2C33AC5000253D09 /* Secrets.xcconfig */;
			buildSettings = {
				ASSETCATALOG_COMPILER_APPICON_NAME = AppIcon;
				ASSETCATALOG_COMPILER_GLOBAL_ACCENT_COLOR_NAME = AccentColor;
				CODE_SIGN_STYLE = Automatic;
				CURRENT_PROJECT_VERSION = 1;
				DEVELOPMENT_TEAM = XUZ4CWYRGJ;
				GENERATE_INFOPLIST_FILE = YES;
				INFOPLIST_FILE = MVVMProjectWithGitAPI/Info.plist;
				INFOPLIST_KEY_UIApplicationSupportsIndirectInputEvents = YES;
				INFOPLIST_KEY_UILaunchStoryboardName = LaunchScreen;
				INFOPLIST_KEY_UISupportedInterfaceOrientations_iPad = "UIInterfaceOrientationPortrait UIInterfaceOrientationPortraitUpsideDown UIInterfaceOrientationLandscapeLeft UIInterfaceOrientationLandscapeRight";
				INFOPLIST_KEY_UISupportedInterfaceOrientations_iPhone = "UIInterfaceOrientationPortrait UIInterfaceOrientationLandscapeLeft UIInterfaceOrientationLandscapeRight";
				IPHONEOS_DEPLOYMENT_TARGET = 16.0;
				LD_RUNPATH_SEARCH_PATHS = (
					"$(inherited)",
					"@executable_path/Frameworks",
				);
				MARKETING_VERSION = 1.0;
				PRODUCT_BUNDLE_IDENTIFIER = com.Healthy.MVVMProjectWithGitAPI;
				PRODUCT_NAME = "$(TARGET_NAME)";
				SUPPORTED_PLATFORMS = "iphoneos iphonesimulator";
				SUPPORTS_MACCATALYST = NO;
				SUPPORTS_MAC_DESIGNED_FOR_IPHONE_IPAD = NO;
				SUPPORTS_XR_DESIGNED_FOR_IPHONE_IPAD = NO;
				SWIFT_EMIT_LOC_STRINGS = YES;
				SWIFT_VERSION = 5.0;
				TARGETED_DEVICE_FAMILY = 1;
			};
			name = Release;
		};
/* End XCBuildConfiguration section */

/* Begin XCConfigurationList section */
		3B53E0E72C33AAA700AD46E5 /* Build configuration list for PBXProject "MVVMProjectWithGitAPI" */ = {
			isa = XCConfigurationList;
			buildConfigurations = (
				3B53E0FE2C33AAA800AD46E5 /* Debug */,
				3B53E0FF2C33AAA800AD46E5 /* Release */,
			);
			defaultConfigurationIsVisible = 0;
			defaultConfigurationName = Release;
		};
		3B53E1002C33AAA800AD46E5 /* Build configuration list for PBXNativeTarget "MVVMProjectWithGitAPI" */ = {
			isa = XCConfigurationList;
			buildConfigurations = (
				3B53E1012C33AAA800AD46E5 /* Debug */,
				3B53E1022C33AAA800AD46E5 /* Release */,
			);
			defaultConfigurationIsVisible = 0;
			defaultConfigurationName = Release;
		};
/* End XCConfigurationList section */

/* Begin XCRemoteSwiftPackageReference section */
		3B0C7A6C2C33AD3100253D09 /* XCRemoteSwiftPackageReference "RxSwift" */ = {
			isa = XCRemoteSwiftPackageReference;
			repositoryURL = "https://github.com/ReactiveX/RxSwift";
			requirement = {
				kind = upToNextMajorVersion;
				minimumVersion = 6.7.1;
			};
		};
		3B0C7A732C33AD5F00253D09 /* XCRemoteSwiftPackageReference "Moya" */ = {
			isa = XCRemoteSwiftPackageReference;
			repositoryURL = "https://github.com/Moya/Moya.git";
			requirement = {
				kind = upToNextMajorVersion;
				minimumVersion = 15.0.3;
			};
		};
		3B0C7A782C33AD6B00253D09 /* XCRemoteSwiftPackageReference "SnapKit" */ = {
			isa = XCRemoteSwiftPackageReference;
			repositoryURL = "https://github.com/SnapKit/SnapKit";
			requirement = {
				kind = upToNextMajorVersion;
				minimumVersion = 5.7.1;
			};
		};
		3B0C7A7B2C33AD7700253D09 /* XCRemoteSwiftPackageReference "Kingfisher" */ = {
			isa = XCRemoteSwiftPackageReference;
			repositoryURL = "https://github.com/onevcat/Kingfisher";
			requirement = {
				kind = upToNextMajorVersion;
				minimumVersion = 7.12.0;
			};
		};
		3B0C7A7E2C33AD8B00253D09 /* XCRemoteSwiftPackageReference "Then" */ = {
			isa = XCRemoteSwiftPackageReference;
			repositoryURL = "https://github.com/devxoul/Then?tab=readme-ov-file";
			requirement = {
				kind = upToNextMajorVersion;
				minimumVersion = 3.0.0;
			};
		};
/* End XCRemoteSwiftPackageReference section */

/* Begin XCSwiftPackageProductDependency section */
		3B0C7A6D2C33AD3100253D09 /* RxCocoa */ = {
			isa = XCSwiftPackageProductDependency;
			package = 3B0C7A6C2C33AD3100253D09 /* XCRemoteSwiftPackageReference "RxSwift" */;
			productName = RxCocoa;
		};
		3B0C7A6F2C33AD3100253D09 /* RxRelay */ = {
			isa = XCSwiftPackageProductDependency;
			package = 3B0C7A6C2C33AD3100253D09 /* XCRemoteSwiftPackageReference "RxSwift" */;
			productName = RxRelay;
		};
		3B0C7A712C33AD3100253D09 /* RxSwift */ = {
			isa = XCSwiftPackageProductDependency;
			package = 3B0C7A6C2C33AD3100253D09 /* XCRemoteSwiftPackageReference "RxSwift" */;
			productName = RxSwift;
		};
		3B0C7A742C33AD5F00253D09 /* Moya */ = {
			isa = XCSwiftPackageProductDependency;
			package = 3B0C7A732C33AD5F00253D09 /* XCRemoteSwiftPackageReference "Moya" */;
			productName = Moya;
		};
		3B0C7A762C33AD5F00253D09 /* RxMoya */ = {
			isa = XCSwiftPackageProductDependency;
			package = 3B0C7A732C33AD5F00253D09 /* XCRemoteSwiftPackageReference "Moya" */;
			productName = RxMoya;
		};
		3B0C7A792C33AD6B00253D09 /* SnapKit */ = {
			isa = XCSwiftPackageProductDependency;
			package = 3B0C7A782C33AD6B00253D09 /* XCRemoteSwiftPackageReference "SnapKit" */;
			productName = SnapKit;
		};
		3B0C7A7C2C33AD7700253D09 /* Kingfisher */ = {
			isa = XCSwiftPackageProductDependency;
			package = 3B0C7A7B2C33AD7700253D09 /* XCRemoteSwiftPackageReference "Kingfisher" */;
			productName = Kingfisher;
		};
		3B0C7A7F2C33AD8B00253D09 /* Then */ = {
			isa = XCSwiftPackageProductDependency;
			package = 3B0C7A7E2C33AD8B00253D09 /* XCRemoteSwiftPackageReference "Then" */;
			productName = Then;
		};
/* End XCSwiftPackageProductDependency section */
	};
	rootObject = 3B53E0E42C33AAA700AD46E5 /* Project object */;
}
